
Microsoft Visual Studio Solution File, Format Version 12.00
# Visual Studio 15
VisualStudioVersion = 15.0.26730.8
MinimumVisualStudioVersion = 10.0.40219.1
Project("{FAE04EC0-301F-11D3-BF4B-00C04F79EFBC}") = "TOReportApplication", "TOReportApplication\TOReportApplication.csproj", "{32D06C22-F13C-4059-8EC2-E73F9C0E67CD}"
EndProject
Project("{FAE04EC0-301F-11D3-BF4B-00C04F79EFBC}") = "TOReportApplicationTests", "TOReportApplicationTests\TOReportApplicationTests.csproj", "{4EAD1A49-A92F-43DE-966F-0A919C4EE89E}"
EndProject
Project("{FAE04EC0-301F-11D3-BF4B-00C04F79EFBC}") = "SpieniarkaApplication_Old", "SpieniarkaApplication\SpieniarkaApplication_Old.csproj", "{2ADAB3D5-F8AB-485D-87C8-5F97DB9BF29D}"
EndProject
Project("{FAE04EC0-301F-11D3-BF4B-00C04F79EFBC}") = "SpieniarkaApplication", "SpieniarkaApplication\SpieniarkaApplication.csproj", "{2A33D018-1656-46D6-8CF9-979F43C6F8E3}"
EndProject
Global
	GlobalSection(SolutionConfigurationPlatforms) = preSolution
		Debug|Any CPU = Debug|Any CPU
		Release|Any CPU = Release|Any CPU
	EndGlobalSection
	GlobalSection(ProjectConfigurationPlatforms) = postSolution
		{32D06C22-F13C-4059-8EC2-E73F9C0E67CD}.Debug|Any CPU.ActiveCfg = Debug|Any CPU
		{32D06C22-F13C-4059-8EC2-E73F9C0E67CD}.Debug|Any CPU.Build.0 = Debug|Any CPU
		{32D06C22-F13C-4059-8EC2-E73F9C0E67CD}.Release|Any CPU.ActiveCfg = Release|Any CPU
		{32D06C22-F13C-4059-8EC2-E73F9C0E67CD}.Release|Any CPU.Build.0 = Release|Any CPU
		{4EAD1A49-A92F-43DE-966F-0A919C4EE89E}.Debug|Any CPU.ActiveCfg = Debug|Any CPU
		{4EAD1A49-A92F-43DE-966F-0A919C4EE89E}.Debug|Any CPU.Build.0 = Debug|Any CPU
		{4EAD1A49-A92F-43DE-966F-0A919C4EE89E}.Release|Any CPU.ActiveCfg = Release|Any CPU
		{4EAD1A49-A92F-43DE-966F-0A919C4EE89E}.Release|Any CPU.Build.0 = Release|Any CPU
		{2ADAB3D5-F8AB-485D-87C8-5F97DB9BF29D}.Debug|Any CPU.ActiveCfg = Debug|Any CPU
		{2ADAB3D5-F8AB-485D-87C8-5F97DB9BF29D}.Debug|Any CPU.Build.0 = Debug|Any CPU
		{2ADAB3D5-F8AB-485D-87C8-5F97DB9BF29D}.Release|Any CPU.ActiveCfg = Release|Any CPU
		{2ADAB3D5-F8AB-485D-87C8-5F97DB9BF29D}.Release|Any CPU.Build.0 = Release|Any CPU
		{2A33D018-1656-46D6-8CF9-979F43C6F8E3}.Debug|Any CPU.ActiveCfg = Debug|Any CPU
		{2A33D018-1656-46D6-8CF9-979F43C6F8E3}.Debug|Any CPU.Build.0 = Debug|Any CPU
		{2A33D018-1656-46D6-8CF9-979F43C6F8E3}.Release|Any CPU.ActiveCfg = Release|Any CPU
		{2A33D018-1656-46D6-8CF9-979F43C6F8E3}.Release|Any CPU.Build.0 = Release|Any CPU
	EndGlobalSection
	GlobalSection(SolutionProperties) = preSolution
		HideSolutionNode = FALSE
	EndGlobalSection
	GlobalSection(ExtensibilityGlobals) = postSolution
		SolutionGuid = {7035DB0F-A2F2-4A23-9155-F2A6E513E98F}
	EndGlobalSection
EndGlobal
